
Microsoft Visual Studio Solution File, Format Version 12.00
# Visual Studio Version 17
VisualStudioVersion = 17.14.36327.8
MinimumVisualStudioVersion = 10.0.40219.1
Project("{FAE04EC0-301F-11D3-BF4B-00C04F79EFBC}") = "1-Pomo-Terminal", "1-Pomo-Terminal\1-Pomo-Terminal.csproj", "{EADF575C-C6F5-42DF-A46B-68F8B438E4FE}"
EndProject
Global
	GlobalSection(SolutionConfigurationPlatforms) = preSolution
		Debug|Any CPU = Debug|Any CPU
		Release|Any CPU = Release|Any CPU
	EndGlobalSection
	GlobalSection(ProjectConfigurationPlatforms) = postSolution
		{EADF575C-C6F5-42DF-A46B-68F8B438E4FE}.Debug|Any CPU.ActiveCfg = Debug|Any CPU
		{EADF575C-C6F5-42DF-A46B-68F8B438E4FE}.Debug|Any CPU.Build.0 = Debug|Any CPU
		{EADF575C-C6F5-42DF-A46B-68F8B438E4FE}.Release|Any CPU.ActiveCfg = Release|Any CPU
		{EADF575C-C6F5-42DF-A46B-68F8B438E4FE}.Release|Any CPU.Build.0 = Release|Any CPU
	EndGlobalSection
	GlobalSection(SolutionProperties) = preSolution
		HideSolutionNode = FALSE
	EndGlobalSection
	GlobalSection(ExtensibilityGlobals) = postSolution
		SolutionGuid = {8E088DDC-0E85-4933-A5EA-FD7ACA5AB59E}
	EndGlobalSection
EndGlobal
